{
  "name": "test",
  "version": "1.0.0",
  "lockfileVersion": 1,
  "requires": true,
  "dependencies": {
    "mime": {
      "version": "2.0.2",
      "resolved": "https://registry.npmjs.org/mime/-/mime-2.0.2.tgz",
      "integrity": "sha512-Oy3+E5KrKoJ99krrYGn+u6jkCEdyFiZX2plVzbuuGLWo5X5K2Oej0KcbF1vHsrB7WFPMSaNqfHjJ6ksLT6kxSg=="
    }
  }
}
